
Microsoft Visual Studio Solution File, Format Version 12.00
# Visual Studio 2012
Project("{FAE04EC0-301F-11D3-BF4B-00C04F79EFBC}") = "MockAllTheThings.Core", "MockAllTheThings.Core\MockAllTheThings.Core.csproj", "{AECCF987-00A5-422A-BBDE-50F36117A9BE}"
EndProject
Project("{FAE04EC0-301F-11D3-BF4B-00C04F79EFBC}") = "MockAllTheThings.Moq.Tests", "MockAllTheThings.Moq.Tests\MockAllTheThings.Moq.Tests.csproj", "{14D16EDD-61E5-4171-8149-0775E6D57A55}"
EndProject
Project("{FAE04EC0-301F-11D3-BF4B-00C04F79EFBC}") = "MockAllTheThings.Moq", "MockAllTheThings.Moq\MockAllTheThings.Moq.csproj", "{F414CB7A-55D3-4256-BD76-166B50F00614}"
EndProject
Project("{FAE04EC0-301F-11D3-BF4B-00C04F79EFBC}") = "MockAllTheThings.RhinoMocks", "MockAllTheThings.RhinoMocks\MockAllTheThings.RhinoMocks.csproj", "{9D49AA1E-93A9-4647-81C4-CE7842C82D1D}"
EndProject
Project("{FAE04EC0-301F-11D3-BF4B-00C04F79EFBC}") = "MockAllTheThings.RhinoMocks.Tests", "MockAllTheThings.RhinoMocks.Tests\MockAllTheThings.RhinoMocks.Tests.csproj", "{A892D47C-5452-4844-AF75-2E9B20CF1633}"
EndProject
Project("{FAE04EC0-301F-11D3-BF4B-00C04F79EFBC}") = "MockAllTheThings.Core.Tests", "MockAllTheThings.Core.Tests\MockAllTheThings.Core.Tests.csproj", "{4A5A025F-6614-4416-9CB8-0B795DA67A7B}"
EndProject
Global
	GlobalSection(SolutionConfigurationPlatforms) = preSolution
		Debug|x86 = Debug|x86
		Release|x86 = Release|x86
	EndGlobalSection
	GlobalSection(ProjectConfigurationPlatforms) = postSolution
		{14D16EDD-61E5-4171-8149-0775E6D57A55}.Debug|x86.ActiveCfg = Debug|x86
		{14D16EDD-61E5-4171-8149-0775E6D57A55}.Debug|x86.Build.0 = Debug|x86
		{14D16EDD-61E5-4171-8149-0775E6D57A55}.Release|x86.ActiveCfg = Release|x86
		{14D16EDD-61E5-4171-8149-0775E6D57A55}.Release|x86.Build.0 = Release|x86
		{4A5A025F-6614-4416-9CB8-0B795DA67A7B}.Debug|x86.ActiveCfg = Debug|x86
		{4A5A025F-6614-4416-9CB8-0B795DA67A7B}.Debug|x86.Build.0 = Debug|x86
		{4A5A025F-6614-4416-9CB8-0B795DA67A7B}.Release|x86.ActiveCfg = Release|x86
		{4A5A025F-6614-4416-9CB8-0B795DA67A7B}.Release|x86.Build.0 = Release|x86
		{9D49AA1E-93A9-4647-81C4-CE7842C82D1D}.Debug|x86.ActiveCfg = Debug|x86
		{9D49AA1E-93A9-4647-81C4-CE7842C82D1D}.Debug|x86.Build.0 = Debug|x86
		{9D49AA1E-93A9-4647-81C4-CE7842C82D1D}.Release|x86.ActiveCfg = Release|x86
		{9D49AA1E-93A9-4647-81C4-CE7842C82D1D}.Release|x86.Build.0 = Release|x86
		{A892D47C-5452-4844-AF75-2E9B20CF1633}.Debug|x86.ActiveCfg = Debug|x86
		{A892D47C-5452-4844-AF75-2E9B20CF1633}.Debug|x86.Build.0 = Debug|x86
		{A892D47C-5452-4844-AF75-2E9B20CF1633}.Release|x86.ActiveCfg = Release|x86
		{A892D47C-5452-4844-AF75-2E9B20CF1633}.Release|x86.Build.0 = Release|x86
		{AECCF987-00A5-422A-BBDE-50F36117A9BE}.Debug|x86.ActiveCfg = Debug|x86
		{AECCF987-00A5-422A-BBDE-50F36117A9BE}.Debug|x86.Build.0 = Debug|x86
		{AECCF987-00A5-422A-BBDE-50F36117A9BE}.Release|x86.ActiveCfg = Release|x86
		{AECCF987-00A5-422A-BBDE-50F36117A9BE}.Release|x86.Build.0 = Release|x86
		{F414CB7A-55D3-4256-BD76-166B50F00614}.Debug|x86.ActiveCfg = Debug|x86
		{F414CB7A-55D3-4256-BD76-166B50F00614}.Debug|x86.Build.0 = Debug|x86
		{F414CB7A-55D3-4256-BD76-166B50F00614}.Release|x86.ActiveCfg = Release|x86
		{F414CB7A-55D3-4256-BD76-166B50F00614}.Release|x86.Build.0 = Release|x86
	EndGlobalSection
	GlobalSection(MonoDevelopProperties) = preSolution
		StartupItem = MockAllTheThings.Core\MockAllTheThings.Core.csproj
	EndGlobalSection
EndGlobal
